
Microsoft Visual Studio Solution File, Format Version 12.00
# Visual Studio 15
VisualStudioVersion = 15.0.28307.271
MinimumVisualStudioVersion = 10.0.40219.1
Project("{2150E333-8FDC-42A3-9474-1A3956D46DE8}") = "Core", "Core", "{2E1898E1-E8BF-4826-85B2-075FF4DEE9FA}"
EndProject
Project("{2150E333-8FDC-42A3-9474-1A3956D46DE8}") = "Infrastructure", "Infrastructure", "{6467B198-E358-4FF7-B17F-DE7CB95B8EA5}"
EndProject
Project("{2150E333-8FDC-42A3-9474-1A3956D46DE8}") = "Interfaces", "Interfaces", "{1D1F8573-27EA-4F78-8925-B72047062A70}"
EndProject
Project("{9A19103F-16F7-4668-BE54-9A1E7A4F7556}") = "OnionContactManagementSolution.Core", "OnionContactManagementSolution.Core\OnionContactManagementSolution.Core.csproj", "{EA00C9D0-DE7D-4489-904F-3361156BA287}"
EndProject
Project("{9A19103F-16F7-4668-BE54-9A1E7A4F7556}") = "OnionContactManagementSolution.WebAPI", "OnionContactManagementSolution.WebAPI\OnionContactManagementSolution.WebAPI.csproj", "{D18C87E0-2AF2-44B4-8A31-789E94B07619}"
EndProject
Project("{9A19103F-16F7-4668-BE54-9A1E7A4F7556}") = "OnionContactManagementSolution.DataAccess", "OnionContactManagementSolution.DataAccess\OnionContactManagementSolution.DataAccess.csproj", "{95C721A2-C4F7-4AAA-B264-E07A9490B582}"
EndProject
Project("{9A19103F-16F7-4668-BE54-9A1E7A4F7556}") = "OnionContactManagementSolution.Application", "OnionContactManagementSolution.Application\OnionContactManagementSolution.Application.csproj", "{F89A076B-A1D4-416E-9EB6-6943FAC7EBDB}"
EndProject
Project("{FAE04EC0-301F-11D3-BF4B-00C04F79EFBC}") = "OnionContactManagementSolution.Logging", "OnionContactManagementSolution.Logging\OnionContactManagementSolution.Logging.csproj", "{B4AEA94B-EBD9-49DF-961C-E7C7BD691C62}"
EndProject
Project("{FAE04EC0-301F-11D3-BF4B-00C04F79EFBC}") = "OnionContactManagementSolution.Service", "OnionContactManagementSolution.Service\OnionContactManagementSolution.Service.csproj", "{8FA045B0-B3E6-4B60-AA1F-D9B98C2867F7}"
EndProject
Project("{FAE04EC0-301F-11D3-BF4B-00C04F79EFBC}") = "OnionContactManagementSolution.UI", "OnionContactManagementSolution.UI\OnionContactManagementSolution.UI.csproj", "{CFB6F294-901F-4854-AADD-27F57950FE45}"
EndProject
Project("{2150E333-8FDC-42A3-9474-1A3956D46DE8}") = "Test", "Test", "{9AC69D89-3157-4575-B47C-92FC5EACA24D}"
EndProject
Project("{FAE04EC0-301F-11D3-BF4B-00C04F79EFBC}") = "OnionContactManagementSolution.UnitTest", "OnionContactManagementSolution.UnitTest\OnionContactManagementSolution.UnitTest.csproj", "{7F8C69A0-144A-47E1-AB9B-8461E7BCA2D5}"
EndProject
Global
	GlobalSection(SolutionConfigurationPlatforms) = preSolution
		Debug|Any CPU = Debug|Any CPU
		Release|Any CPU = Release|Any CPU
	EndGlobalSection
	GlobalSection(ProjectConfigurationPlatforms) = postSolution
		{EA00C9D0-DE7D-4489-904F-3361156BA287}.Debug|Any CPU.ActiveCfg = Debug|Any CPU
		{EA00C9D0-DE7D-4489-904F-3361156BA287}.Debug|Any CPU.Build.0 = Debug|Any CPU
		{EA00C9D0-DE7D-4489-904F-3361156BA287}.Release|Any CPU.ActiveCfg = Release|Any CPU
		{EA00C9D0-DE7D-4489-904F-3361156BA287}.Release|Any CPU.Build.0 = Release|Any CPU
		{D18C87E0-2AF2-44B4-8A31-789E94B07619}.Debug|Any CPU.ActiveCfg = Debug|Any CPU
		{D18C87E0-2AF2-44B4-8A31-789E94B07619}.Debug|Any CPU.Build.0 = Debug|Any CPU
		{D18C87E0-2AF2-44B4-8A31-789E94B07619}.Release|Any CPU.ActiveCfg = Release|Any CPU
		{D18C87E0-2AF2-44B4-8A31-789E94B07619}.Release|Any CPU.Build.0 = Release|Any CPU
		{95C721A2-C4F7-4AAA-B264-E07A9490B582}.Debug|Any CPU.ActiveCfg = Debug|Any CPU
		{95C721A2-C4F7-4AAA-B264-E07A9490B582}.Debug|Any CPU.Build.0 = Debug|Any CPU
		{95C721A2-C4F7-4AAA-B264-E07A9490B582}.Release|Any CPU.ActiveCfg = Release|Any CPU
		{95C721A2-C4F7-4AAA-B264-E07A9490B582}.Release|Any CPU.Build.0 = Release|Any CPU
		{F89A076B-A1D4-416E-9EB6-6943FAC7EBDB}.Debug|Any CPU.ActiveCfg = Debug|Any CPU
		{F89A076B-A1D4-416E-9EB6-6943FAC7EBDB}.Debug|Any CPU.Build.0 = Debug|Any CPU
		{F89A076B-A1D4-416E-9EB6-6943FAC7EBDB}.Release|Any CPU.ActiveCfg = Release|Any CPU
		{F89A076B-A1D4-416E-9EB6-6943FAC7EBDB}.Release|Any CPU.Build.0 = Release|Any CPU
		{B4AEA94B-EBD9-49DF-961C-E7C7BD691C62}.Debug|Any CPU.ActiveCfg = Debug|Any CPU
		{B4AEA94B-EBD9-49DF-961C-E7C7BD691C62}.Debug|Any CPU.Build.0 = Debug|Any CPU
		{B4AEA94B-EBD9-49DF-961C-E7C7BD691C62}.Release|Any CPU.ActiveCfg = Release|Any CPU
		{B4AEA94B-EBD9-49DF-961C-E7C7BD691C62}.Release|Any CPU.Build.0 = Release|Any CPU
		{8FA045B0-B3E6-4B60-AA1F-D9B98C2867F7}.Debug|Any CPU.ActiveCfg = Debug|Any CPU
		{8FA045B0-B3E6-4B60-AA1F-D9B98C2867F7}.Debug|Any CPU.Build.0 = Debug|Any CPU
		{8FA045B0-B3E6-4B60-AA1F-D9B98C2867F7}.Release|Any CPU.ActiveCfg = Release|Any CPU
		{8FA045B0-B3E6-4B60-AA1F-D9B98C2867F7}.Release|Any CPU.Build.0 = Release|Any CPU
		{CFB6F294-901F-4854-AADD-27F57950FE45}.Debug|Any CPU.ActiveCfg = Debug|Any CPU
		{CFB6F294-901F-4854-AADD-27F57950FE45}.Debug|Any CPU.Build.0 = Debug|Any CPU
		{CFB6F294-901F-4854-AADD-27F57950FE45}.Release|Any CPU.ActiveCfg = Release|Any CPU
		{CFB6F294-901F-4854-AADD-27F57950FE45}.Release|Any CPU.Build.0 = Release|Any CPU
		{7F8C69A0-144A-47E1-AB9B-8461E7BCA2D5}.Debug|Any CPU.ActiveCfg = Debug|Any CPU
		{7F8C69A0-144A-47E1-AB9B-8461E7BCA2D5}.Debug|Any CPU.Build.0 = Debug|Any CPU
		{7F8C69A0-144A-47E1-AB9B-8461E7BCA2D5}.Release|Any CPU.ActiveCfg = Release|Any CPU
		{7F8C69A0-144A-47E1-AB9B-8461E7BCA2D5}.Release|Any CPU.Build.0 = Release|Any CPU
	EndGlobalSection
	GlobalSection(SolutionProperties) = preSolution
		HideSolutionNode = FALSE
	EndGlobalSection
	GlobalSection(NestedProjects) = preSolution
		{EA00C9D0-DE7D-4489-904F-3361156BA287} = {2E1898E1-E8BF-4826-85B2-075FF4DEE9FA}
		{D18C87E0-2AF2-44B4-8A31-789E94B07619} = {1D1F8573-27EA-4F78-8925-B72047062A70}
		{95C721A2-C4F7-4AAA-B264-E07A9490B582} = {6467B198-E358-4FF7-B17F-DE7CB95B8EA5}
		{F89A076B-A1D4-416E-9EB6-6943FAC7EBDB} = {6467B198-E358-4FF7-B17F-DE7CB95B8EA5}
		{B4AEA94B-EBD9-49DF-961C-E7C7BD691C62} = {6467B198-E358-4FF7-B17F-DE7CB95B8EA5}
		{8FA045B0-B3E6-4B60-AA1F-D9B98C2867F7} = {6467B198-E358-4FF7-B17F-DE7CB95B8EA5}
		{CFB6F294-901F-4854-AADD-27F57950FE45} = {1D1F8573-27EA-4F78-8925-B72047062A70}
		{7F8C69A0-144A-47E1-AB9B-8461E7BCA2D5} = {9AC69D89-3157-4575-B47C-92FC5EACA24D}
	EndGlobalSection
	GlobalSection(ExtensibilityGlobals) = postSolution
		SolutionGuid = {9E83EABA-E693-4B1E-805A-F1CA52A5756E}
	EndGlobalSection
EndGlobal
